
Microsoft Visual Studio Solution File, Format Version 12.00
# Visual Studio Version 17
VisualStudioVersion = 17.1.32210.238
MinimumVisualStudioVersion = 10.0.40219.1
Project("{9A19103F-16F7-4668-BE54-9A1E7A4F7556}") = "RoverCore.Abstractions", "RoverCore.Abstractions\RoverCore.Abstractions.csproj", "{BF69B3CB-E278-4C67-B0BA-FB7C180B7516}"
EndProject
Global
	GlobalSection(SolutionConfigurationPlatforms) = preSolution
		Debug|Any CPU = Debug|Any CPU
		Release|Any CPU = Release|Any CPU
	EndGlobalSection
	GlobalSection(ProjectConfigurationPlatforms) = postSolution
		{BF69B3CB-E278-4C67-B0BA-FB7C180B7516}.Debug|Any CPU.ActiveCfg = Debug|Any CPU
		{BF69B3CB-E278-4C67-B0BA-FB7C180B7516}.Debug|Any CPU.Build.0 = Debug|Any CPU
		{BF69B3CB-E278-4C67-B0BA-FB7C180B7516}.Release|Any CPU.ActiveCfg = Release|Any CPU
		{BF69B3CB-E278-4C67-B0BA-FB7C180B7516}.Release|Any CPU.Build.0 = Release|Any CPU
	EndGlobalSection
	GlobalSection(SolutionProperties) = preSolution
		HideSolutionNode = FALSE
	EndGlobalSection
	GlobalSection(ExtensibilityGlobals) = postSolution
		SolutionGuid = {494C2674-6869-41FD-92AB-B0E74CFAE681}
	EndGlobalSection
EndGlobal
